{
  "name": "workspace",
  "lockfileVersion": 3,
  "requires": true,
  "packages": {
    "": {
      "devDependencies": {
        "@react-native/gradle-plugin": "^0.85.3"
      }
    },
    "node_modules/@react-native/gradle-plugin": {
      "version": "0.85.3",
      "resolved": "https://registry.npmjs.org/@react-native/gradle-plugin/-/gradle-plugin-0.85.3.tgz",
      "integrity": "sha512-39dY2j50Q1pntejzwt3XL7vwXtrj8jcIfHq6E+gyu3jzYxZJVvMkMutQ39vSg6zinIQOX36oQDhidXUbCXzgoA==",
      "dev": true,
      "license": "MIT",
      "engines": {
        "node": "^20.19.4 || ^22.13.0 || ^24.3.0 || >= 25.0.0"
      }
    }
  }
}
